
Microsoft Visual Studio Solution File, Format Version 12.00
# Visual Studio Version 17
VisualStudioVersion = 17.1.32210.238
MinimumVisualStudioVersion = 10.0.40219.1
Project("{FAE04EC0-301F-11D3-BF4B-00C04F79EFBC}") = "TnG_BE", "TnG_BE\TnG_BE.csproj", "{C7497E92-2858-426E-BD7D-632295BB9B39}"
EndProject
Global
	GlobalSection(SolutionConfigurationPlatforms) = preSolution
		Debug|Any CPU = Debug|Any CPU
		Release|Any CPU = Release|Any CPU
	EndGlobalSection
	GlobalSection(ProjectConfigurationPlatforms) = postSolution
		{C7497E92-2858-426E-BD7D-632295BB9B39}.Debug|Any CPU.ActiveCfg = Debug|Any CPU
		{C7497E92-2858-426E-BD7D-632295BB9B39}.Debug|Any CPU.Build.0 = Debug|Any CPU
		{C7497E92-2858-426E-BD7D-632295BB9B39}.Release|Any CPU.ActiveCfg = Release|Any CPU
		{C7497E92-2858-426E-BD7D-632295BB9B39}.Release|Any CPU.Build.0 = Release|Any CPU
	EndGlobalSection
	GlobalSection(SolutionProperties) = preSolution
		HideSolutionNode = FALSE
	EndGlobalSection
	GlobalSection(ExtensibilityGlobals) = postSolution
		SolutionGuid = {8A85BC5A-CC92-4530-B2DA-96C55D86DEF3}
	EndGlobalSection
EndGlobal
